
Microsoft Visual Studio Solution File, Format Version 12.00
# Visual Studio Version 17
VisualStudioVersion = 17.7.34202.233
MinimumVisualStudioVersion = 10.0.40219.1
Project("{FAE04EC0-301F-11D3-BF4B-00C04F79EFBC}") = "StringLession", "StringLession\StringLession.csproj", "{72CCFFEB-4FA5-4BC3-9FED-060384CF06FC}"
EndProject
Project("{FAE04EC0-301F-11D3-BF4B-00C04F79EFBC}") = "MyTemplate", "MyTemplate\MyTemplate.csproj", "{9CD3AE19-1908-431A-ABCC-98E60C0D47B6}"
EndProject
Global
	GlobalSection(SolutionConfigurationPlatforms) = preSolution
		Debug|Any CPU = Debug|Any CPU
		Release|Any CPU = Release|Any CPU
	EndGlobalSection
	GlobalSection(ProjectConfigurationPlatforms) = postSolution
		{72CCFFEB-4FA5-4BC3-9FED-060384CF06FC}.Debug|Any CPU.ActiveCfg = Debug|Any CPU
		{72CCFFEB-4FA5-4BC3-9FED-060384CF06FC}.Debug|Any CPU.Build.0 = Debug|Any CPU
		{72CCFFEB-4FA5-4BC3-9FED-060384CF06FC}.Release|Any CPU.ActiveCfg = Release|Any CPU
		{72CCFFEB-4FA5-4BC3-9FED-060384CF06FC}.Release|Any CPU.Build.0 = Release|Any CPU
		{9CD3AE19-1908-431A-ABCC-98E60C0D47B6}.Debug|Any CPU.ActiveCfg = Debug|Any CPU
		{9CD3AE19-1908-431A-ABCC-98E60C0D47B6}.Debug|Any CPU.Build.0 = Debug|Any CPU
		{9CD3AE19-1908-431A-ABCC-98E60C0D47B6}.Release|Any CPU.ActiveCfg = Release|Any CPU
		{9CD3AE19-1908-431A-ABCC-98E60C0D47B6}.Release|Any CPU.Build.0 = Release|Any CPU
	EndGlobalSection
	GlobalSection(SolutionProperties) = preSolution
		HideSolutionNode = FALSE
	EndGlobalSection
	GlobalSection(ExtensibilityGlobals) = postSolution
		SolutionGuid = {D74B3EAC-3796-4304-AD26-EB79A742A935}
	EndGlobalSection
EndGlobal
